
Microsoft Visual Studio Solution File, Format Version 12.00
# Visual Studio Version 17
VisualStudioVersion = 17.5.33502.453
MinimumVisualStudioVersion = 10.0.40219.1
Project("{8BC9CEB8-8B4A-11D0-8D11-00A0C91BC942}") = "最小生成树", "最小生成树\最小生成树.vcxproj", "{FF016848-8557-4DF7-AC1E-A2C26CF4F78B}"
EndProject
Global
	GlobalSection(SolutionConfigurationPlatforms) = preSolution
		Debug|x64 = Debug|x64
		Debug|x86 = Debug|x86
		Release|x64 = Release|x64
		Release|x86 = Release|x86
	EndGlobalSection
	GlobalSection(ProjectConfigurationPlatforms) = postSolution
		{FF016848-8557-4DF7-AC1E-A2C26CF4F78B}.Debug|x64.ActiveCfg = Debug|x64
		{FF016848-8557-4DF7-AC1E-A2C26CF4F78B}.Debug|x64.Build.0 = Debug|x64
		{FF016848-8557-4DF7-AC1E-A2C26CF4F78B}.Debug|x86.ActiveCfg = Debug|Win32
		{FF016848-8557-4DF7-AC1E-A2C26CF4F78B}.Debug|x86.Build.0 = Debug|Win32
		{FF016848-8557-4DF7-AC1E-A2C26CF4F78B}.Release|x64.ActiveCfg = Release|x64
		{FF016848-8557-4DF7-AC1E-A2C26CF4F78B}.Release|x64.Build.0 = Release|x64
		{FF016848-8557-4DF7-AC1E-A2C26CF4F78B}.Release|x86.ActiveCfg = Release|Win32
		{FF016848-8557-4DF7-AC1E-A2C26CF4F78B}.Release|x86.Build.0 = Release|Win32
	EndGlobalSection
	GlobalSection(SolutionProperties) = preSolution
		HideSolutionNode = FALSE
	EndGlobalSection
	GlobalSection(ExtensibilityGlobals) = postSolution
		SolutionGuid = {A5CE4792-263C-4518-BB8E-3A6583F8B268}
	EndGlobalSection
EndGlobal
